// !$*UTF8*$!
{
	archiveVersion = 1;
	classes = {
	};
	objectVersion = 46;
	objects = {

/* Begin PBXBuildFile section */
		093ADD351C561ABE00514643 /* SectionHeaderReusableView.m in Sources */ = {isa = PBXBuildFile; fileRef = 093ADD341C561ABE00514643 /* SectionHeaderReusableView.m */; };
		093ADD391C56228600514643 /* CollectionViewCell.m in Sources */ = {isa = PBXBuildFile; fileRef = 093ADD381C56228600514643 /* CollectionViewCell.m */; };
		093ADD3F1C5623AC00514643 /* UIView+Helpers.m in Sources */ = {isa = PBXBuildFile; fileRef = 093ADD3E1C5623AC00514643 /* UIView+Helpers.m */; };
		09AAE1641C56176200CD89B8 /* main.m in Sources */ = {isa = PBXBuildFile; fileRef = 09AAE1631C56176200CD89B8 /* main.m */; };
		09AAE1671C56176200CD89B8 /* AppDelegate.m in Sources */ = {isa = PBXBuildFile; fileRef = 09AAE1661C56176200CD89B8 /* AppDelegate.m */; };
		09AAE16A1C56176200CD89B8 /* ViewController.m in Sources */ = {isa = PBXBuildFile; fileRef = 09AAE1691C56176200CD89B8 /* ViewController.m */; };
		09AAE16D1C56176200CD89B8 /* Main.storyboard in Resources */ = {isa = PBXBuildFile; fileRef = 09AAE16B1C56176200CD89B8 /* Main.storyboard */; };
		09AAE16F1C56176200CD89B8 /* Assets.xcassets in Resources */ = {isa = PBXBuildFile; fileRef = 09AAE16E1C56176200CD89B8 /* Assets.xcassets */; };
		09AAE1721C56176200CD89B8 /* LaunchScreen.storyboard in Resources */ = {isa = PBXBuildFile; fileRef = 09AAE1701C56176200CD89B8 /* LaunchScreen.storyboard */; };
		09AAE17C1C5617E200CD89B8 /* YLStickyHeaderFlowLayout.m in Sources */ = {isa = PBXBuildFile; fileRef = 09AAE17B1C5617E200CD89B8 /* YLStickyHeaderFlowLayout.m */; };
/* End PBXBuildFile section */

/* Begin PBXFileReference section */
		093ADD331C561ABE00514643 /* SectionHeaderReusableView.h */ = {isa = PBXFileReference; fileEncoding = 4; lastKnownFileType = sourcecode.c.h; path = SectionHeaderReusableView.h; sourceTree = "<group>"; };
		093ADD341C561ABE00514643 /* SectionHeaderReusableView.m */ = {isa = PBXFileReference; fileEncoding = 4; lastKnownFileType = sourcecode.c.objc; path = SectionHeaderReusableView.m; sourceTree = "<group>"; };
		093ADD371C56228600514643 /* CollectionViewCell.h */ = {isa = PBXFileReference; fileEncoding = 4; lastKnownFileType = sourcecode.c.h; path = CollectionViewCell.h; sourceTree = "<group>"; };
		093ADD381C56228600514643 /* CollectionViewCell.m */ = {isa = PBXFileReference; fileEncoding = 4; lastKnownFileType = sourcecode.c.objc; path = CollectionViewCell.m; sourceTree = "<group>"; };
		093ADD3D1C5623AC00514643 /* UIView+Helpers.h */ = {isa = PBXFileReference; fileEncoding = 4; lastKnownFileType = sourcecode.c.h; path = "UIView+Helpers.h"; sourceTree = "<group>"; };
		093ADD3E1C5623AC00514643 /* UIView+Helpers.m */ = {isa = PBXFileReference; fileEncoding = 4; lastKnownFileType = sourcecode.c.objc; path = "UIView+Helpers.m"; sourceTree = "<group>"; };
		09AAE15F1C56176200CD89B8 /* StickyHeaderFlowLayout.app */ = {isa = PBXFileReference; explicitFileType = wrapper.application; includeInIndex = 0; path = StickyHeaderFlowLayout.app; sourceTree = BUILT_PRODUCTS_DIR; };
		09AAE1631C56176200CD89B8 /* main.m */ = {isa = PBXFileReference; lastKnownFileType = sourcecode.c.objc; path = main.m; sourceTree = "<group>"; };
		09AAE1651C56176200CD89B8 /* AppDelegate.h */ = {isa = PBXFileReference; lastKnownFileType = sourcecode.c.h; path = AppDelegate.h; sourceTree = "<group>"; };
		09AAE1661C56176200CD89B8 /* AppDelegate.m */ = {isa = PBXFileReference; lastKnownFileType = sourcecode.c.objc; path = AppDelegate.m; sourceTree = "<group>"; };
		09AAE1681C56176200CD89B8 /* ViewController.h */ = {isa = PBXFileReference; lastKnownFileType = sourcecode.c.h; path = ViewController.h; sourceTree = "<group>"; };
		09AAE1691C56176200CD89B8 /* ViewController.m */ = {isa = PBXFileReference; lastKnownFileType = sourcecode.c.objc; path = ViewController.m; sourceTree = "<group>"; };
		09AAE16C1C56176200CD89B8 /* Base */ = {isa = PBXFileReference; lastKnownFileType = file.storyboard; name = Base; path = Base.lproj/Main.storyboard; sourceTree = "<group>"; };
		09AAE16E1C56176200CD89B8 /* Assets.xcassets */ = {isa = PBXFileReference; lastKnownFileType = folder.assetcatalog; path = Assets.xcassets; sourceTree = "<group>"; };
		09AAE1711C56176200CD89B8 /* Base */ = {isa = PBXFileReference; lastKnownFileType = file.storyboard; name = Base; path = Base.lproj/LaunchScreen.storyboard; sourceTree = "<group>"; };
		09AAE1731C56176200CD89B8 /* Info.plist */ = {isa = PBXFileReference; lastKnownFileType = text.plist.xml; path = Info.plist; sourceTree = "<group>"; };
		09AAE17A1C5617E200CD89B8 /* YLStickyHeaderFlowLayout.h */ = {isa = PBXFileReference; fileEncoding = 4; lastKnownFileType = sourcecode.c.h; path = YLStickyHeaderFlowLayout.h; sourceTree = "<group>"; };
		09AAE17B1C5617E200CD89B8 /* YLStickyHeaderFlowLayout.m */ = {isa = PBXFileReference; fileEncoding = 4; lastKnownFileType = sourcecode.c.objc; path = YLStickyHeaderFlowLayout.m; sourceTree = "<group>"; };
/* End PBXFileReference section */

/* Begin PBXFrameworksBuildPhase section */
		09AAE15C1C56176200CD89B8 /* Frameworks */ = {
			isa = PBXFrameworksBuildPhase;
			buildActionMask = 2147483647;
			files = (
			);
			runOnlyForDeploymentPostprocessing = 0;
		};
/* End PBXFrameworksBuildPhase section */

/* Begin PBXGroup section */
		09AAE1561C56176200CD89B8 = {
			isa = PBXGroup;
			children = (
				09AAE1611C56176200CD89B8 /* StickyHeaderFlowLayout */,
				09AAE1601C56176200CD89B8 /* Products */,
			);
			sourceTree = "<group>";
		};
		09AAE1601C56176200CD89B8 /* Products */ = {
			isa = PBXGroup;
			children = (
				09AAE15F1C56176200CD89B8 /* StickyHeaderFlowLayout.app */,
			);
			name = Products;
			sourceTree = "<group>";
		};
		09AAE1611C56176200CD89B8 /* StickyHeaderFlowLayout */ = {
			isa = PBXGroup;
			children = (
				09AAE1791C5617AC00CD89B8 /* Layout */,
				09AAE1651C56176200CD89B8 /* AppDelegate.h */,
				09AAE1661C56176200CD89B8 /* AppDelegate.m */,
				09AAE1681C56176200CD89B8 /* ViewController.h */,
				09AAE1691C56176200CD89B8 /* ViewController.m */,
				093ADD331C561ABE00514643 /* SectionHeaderReusableView.h */,
				093ADD341C561ABE00514643 /* SectionHeaderReusableView.m */,
				093ADD371C56228600514643 /* CollectionViewCell.h */,
				093ADD381C56228600514643 /* CollectionViewCell.m */,
				093ADD3D1C5623AC00514643 /* UIView+Helpers.h */,
				093ADD3E1C5623AC00514643 /* UIView+Helpers.m */,
				09AAE16B1C56176200CD89B8 /* Main.storyboard */,
				09AAE16E1C56176200CD89B8 /* Assets.xcassets */,
				09AAE1701C56176200CD89B8 /* LaunchScreen.storyboard */,
				09AAE1731C56176200CD89B8 /* Info.plist */,
				09AAE1621C56176200CD89B8 /* Supporting Files */,
			);
			path = StickyHeaderFlowLayout;
			sourceTree = "<group>";
		};
		09AAE1621C56176200CD89B8 /* Supporting Files */ = {
			isa = PBXGroup;
			children = (
				09AAE1631C56176200CD89B8 /* main.m */,
			);
			name = "Supporting Files";
			sourceTree = "<group>";
		};
		09AAE1791C5617AC00CD89B8 /* Layout */ = {
			isa = PBXGroup;
			children = (
				09AAE17A1C5617E200CD89B8 /* YLStickyHeaderFlowLayout.h */,
				09AAE17B1C5617E200CD89B8 /* YLStickyHeaderFlowLayout.m */,
			);
			name = Layout;
			sourceTree = "<group>";
		};
/* End PBXGroup section */

/* Begin PBXNativeTarget section */
		09AAE15E1C56176200CD89B8 /* StickyHeaderFlowLayout */ = {
			isa = PBXNativeTarget;
			buildConfigurationList = 09AAE1761C56176200CD89B8 /* Build configuration list for PBXNativeTarget "StickyHeaderFlowLayout" */;
			buildPhases = (
				09AAE15B1C56176200CD89B8 /* Sources */,
				09AAE15C1C56176200CD89B8 /* Frameworks */,
				09AAE15D1C56176200CD89B8 /* Resources */,
			);
			buildRules = (
			);
			dependencies = (
			);
			name = StickyHeaderFlowLayout;
			productName = StickyHeaderFlowLayout;
			productReference = 09AAE15F1C56176200CD89B8 /* StickyHeaderFlowLayout.app */;
			productType = "com.apple.product-type.application";
		};
/* End PBXNativeTarget section */

/* Begin PBXProject section */
		09AAE1571C56176200CD89B8 /* Project object */ = {
			isa = PBXProject;
			attributes = {
				LastUpgradeCheck = 0720;
				ORGANIZATIONNAME = yohunl;
				TargetAttributes = {
					09AAE15E1C56176200CD89B8 = {
						CreatedOnToolsVersion = 7.2;
					};
				};
			};
			buildConfigurationList = 09AAE15A1C56176200CD89B8 /* Build configuration list for PBXProject "StickyHeaderFlowLayout" */;
			compatibilityVersion = "Xcode 3.2";
			developmentRegion = English;
			hasScannedForEncodings = 0;
			knownRegions = (
				en,
				Base,
			);
			mainGroup = 09AAE1561C56176200CD89B8;
			productRefGroup = 09AAE1601C56176200CD89B8 /* Products */;
			projectDirPath = "";
			projectRoot = "";
			targets = (
				09AAE15E1C56176200CD89B8 /* StickyHeaderFlowLayout */,
			);
		};
/* End PBXProject section */

/* Begin PBXResourcesBuildPhase section */
		09AAE15D1C56176200CD89B8 /* Resources */ = {
			isa = PBXResourcesBuildPhase;
			buildActionMask = 2147483647;
			files = (
				09AAE1721C56176200CD89B8 /* LaunchScreen.storyboard in Resources */,
				09AAE16F1C56176200CD89B8 /* Assets.xcassets in Resources */,
				09AAE16D1C56176200CD89B8 /* Main.storyboard in Resources */,
			);
			runOnlyForDeploymentPostprocessing = 0;
		};
/* End PBXResourcesBuildPhase section */

/* Begin PBXSourcesBuildPhase section */
		09AAE15B1C56176200CD89B8 /* Sources */ = {
			isa = PBXSourcesBuildPhase;
			buildActionMask = 2147483647;
			files = (
				093ADD391C56228600514643 /* CollectionViewCell.m in Sources */,
				09AAE17C1C5617E200CD89B8 /* YLStickyHeaderFlowLayout.m in Sources */,
				09AAE16A1C56176200CD89B8 /* ViewController.m in Sources */,
				093ADD351C561ABE00514643 /* SectionHeaderReusableView.m in Sources */,
				093ADD3F1C5623AC00514643 /* UIView+Helpers.m in Sources */,
				09AAE1671C56176200CD89B8 /* AppDelegate.m in Sources */,
				09AAE1641C56176200CD89B8 /* main.m in Sources */,
			);
			runOnlyForDeploymentPostprocessing = 0;
		};
/* End PBXSourcesBuildPhase section */

/* Begin PBXVariantGroup section */
		09AAE16B1C56176200CD89B8 /* Main.storyboard */ = {
			isa = PBXVariantGroup;
			children = (
				09AAE16C1C56176200CD89B8 /* Base */,
			);
			name = Main.storyboard;
			sourceTree = "<group>";
		};
		09AAE1701C56176200CD89B8 /* LaunchScreen.storyboard */ = {
			isa = PBXVariantGroup;
			children = (
				09AAE1711C56176200CD89B8 /* Base */,
			);
			name = LaunchScreen.storyboard;
			sourceTree = "<group>";
		};
/* End PBXVariantGroup section */

/* Begin XCBuildConfiguration section */
		09AAE1741C56176200CD89B8 /* Debug */ = {
			isa = XCBuildConfiguration;
			buildSettings = {
				ALWAYS_SEARCH_USER_PATHS = NO;
				CLANG_CXX_LANGUAGE_STANDARD = "gnu++0x";
				CLANG_CXX_LIBRARY = "libc++";
				CLANG_ENABLE_MODULES = YES;
				CLANG_ENABLE_OBJC_ARC = YES;
				CLANG_WARN_BOOL_CONVERSION = YES;
				CLANG_WARN_CONSTANT_CONVERSION = YES;
				CLANG_WARN_DIRECT_OBJC_ISA_USAGE = YES_ERROR;
				CLANG_WARN_EMPTY_BODY = YES;
				CLANG_WARN_ENUM_CONVERSION = YES;
				CLANG_WARN_INT_CONVERSION = YES;
				CLANG_WARN_OBJC_ROOT_CLASS = YES_ERROR;
				CLANG_WARN_UNREACHABLE_CODE = YES;
				CLANG_WARN__DUPLICATE_METHOD_MATCH = YES;
				"CODE_SIGN_IDENTITY[sdk=iphoneos*]" = "iPhone Developer";
				COPY_PHASE_STRIP = NO;
				DEBUG_INFORMATION_FORMAT = dwarf;
				ENABLE_STRICT_OBJC_MSGSEND = YES;
				ENABLE_TESTABILITY = YES;
				GCC_C_LANGUAGE_STANDARD = gnu99;
				GCC_DYNAMIC_NO_PIC = NO;
				GCC_NO_COMMON_BLOCKS = YES;
				GCC_OPTIMIZATION_LEVEL = 0;
				GCC_PREPROCESSOR_DEFINITIONS = (
					"DEBUG=1",
					"$(inherited)",
				);
				GCC_WARN_64_TO_32_BIT_CONVERSION = YES;
				GCC_WARN_ABOUT_RETURN_TYPE = YES_ERROR;
				GCC_WARN_UNDECLARED_SELECTOR = YES;
				GCC_WARN_UNINITIALIZED_AUTOS = YES_AGGRESSIVE;
				GCC_WARN_UNUSED_FUNCTION = YES;
				GCC_WARN_UNUSED_VARIABLE = YES;
				IPHONEOS_DEPLOYMENT_TARGET = 9.2;
				MTL_ENABLE_DEBUG_INFO = YES;
				ONLY_ACTIVE_ARCH = YES;
				SDKROOT = iphoneos;
			};
			name = Debug;
		};
		09AAE1751C56176200CD89B8 /* Release */ = {
			isa = XCBuildConfiguration;
			buildSettings = {
				ALWAYS_SEARCH_USER_PATHS = NO;
				CLANG_CXX_LANGUAGE_STANDARD = "gnu++0x";
				CLANG_CXX_LIBRARY = "libc++";
				CLANG_ENABLE_MODULES = YES;
				CLANG_ENABLE_OBJC_ARC = YES;
				CLANG_WARN_BOOL_CONVERSION = YES;
				CLANG_WARN_CONSTANT_CONVERSION = YES;
				CLANG_WARN_DIRECT_OBJC_ISA_USAGE = YES_ERROR;
				CLANG_WARN_EMPTY_BODY = YES;
				CLANG_WARN_ENUM_CONVERSION = YES;
				CLANG_WARN_INT_CONVERSION = YES;
				CLANG_WARN_OBJC_ROOT_CLASS = YES_ERROR;
				CLANG_WARN_UNREACHABLE_CODE = YES;
				CLANG_WARN__DUPLICATE_METHOD_MATCH = YES;
				"CODE_SIGN_IDENTITY[sdk=iphoneos*]" = "iPhone Developer";
				COPY_PHASE_STRIP = NO;
				DEBUG_INFORMATION_FORMAT = "dwarf-with-dsym";
				ENABLE_NS_ASSERTIONS = NO;
				ENABLE_STRICT_OBJC_MSGSEND = YES;
				GCC_C_LANGUAGE_STANDARD = gnu99;
				GCC_NO_COMMON_BLOCKS = YES;
				GCC_WARN_64_TO_32_BIT_CONVERSION = YES;
				GCC_WARN_ABOUT_RETURN_TYPE = YES_ERROR;
				GCC_WARN_UNDECLARED_SELECTOR = YES;
				GCC_WARN_UNINITIALIZED_AUTOS = YES_AGGRESSIVE;
				GCC_WARN_UNUSED_FUNCTION = YES;
				GCC_WARN_UNUSED_VARIABLE = YES;
				IPHONEOS_DEPLOYMENT_TARGET = 9.2;
				MTL_ENABLE_DEBUG_INFO = NO;
				SDKROOT = iphoneos;
				VALIDATE_PRODUCT = YES;
			};
			name = Release;
		};
		09AAE1771C56176200CD89B8 /* Debug */ = {
			isa = XCBuildConfiguration;
			buildSettings = {
				ASSETCATALOG_COMPILER_APPICON_NAME = AppIcon;
				INFOPLIST_FILE = StickyHeaderFlowLayout/Info.plist;
				LD_RUNPATH_SEARCH_PATHS = "$(inherited) @executable_path/Frameworks";
				PRODUCT_BUNDLE_IDENTIFIER = Yohunl.StickyHeaderFlowLayout;
				PRODUCT_NAME = "$(TARGET_NAME)";
			};
			name = Debug;
		};
		09AAE1781C56176200CD89B8 /* Release */ = {
			isa = XCBuildConfiguration;
			buildSettings = {
				ASSETCATALOG_COMPILER_APPICON_NAME = AppIcon;
				INFOPLIST_FILE = StickyHeaderFlowLayout/Info.plist;
				LD_RUNPATH_SEARCH_PATHS = "$(inherited) @executable_path/Frameworks";
				PRODUCT_BUNDLE_IDENTIFIER = Yohunl.StickyHeaderFlowLayout;
				PRODUCT_NAME = "$(TARGET_NAME)";
			};
			name = Release;
		};
/* End XCBuildConfiguration section */

/* Begin XCConfigurationList section */
		09AAE15A1C56176200CD89B8 /* Build configuration list for PBXProject "StickyHeaderFlowLayout" */ = {
			isa = XCConfigurationList;
			buildConfigurations = (
				09AAE1741C56176200CD89B8 /* Debug */,
				09AAE1751C56176200CD89B8 /* Release */,
			);
			defaultConfigurationIsVisible = 0;
			defaultConfigurationName = Release;
		};
		09AAE1761C56176200CD89B8 /* Build configuration list for PBXNativeTarget "StickyHeaderFlowLayout" */ = {
			isa = XCConfigurationList;
			buildConfigurations = (
				09AAE1771C56176200CD89B8 /* Debug */,
				09AAE1781C56176200CD89B8 /* Release */,
			);
			defaultConfigurationIsVisible = 0;
			defaultConfigurationName = Release;
		};
/* End XCConfigurationList section */
	};
	rootObject = 09AAE1571C56176200CD89B8 /* Project object */;
}
